
Microsoft Visual Studio Solution File, Format Version 12.00
# Visual Studio 15
VisualStudioVersion = 15.0.28307.106
MinimumVisualStudioVersion = 10.0.40219.1
Project("{FAE04EC0-301F-11D3-BF4B-00C04F79EFBC}") = "WebApp", "WebApp\WebApp.csproj", "{D70DDB01-8C29-437A-8C10-88E890589C2B}"
EndProject
Global
	GlobalSection(SolutionConfigurationPlatforms) = preSolution
		Debug|Any CPU = Debug|Any CPU
		Release|Any CPU = Release|Any CPU
	EndGlobalSection
	GlobalSection(ProjectConfigurationPlatforms) = postSolution
		{D70DDB01-8C29-437A-8C10-88E890589C2B}.Debug|Any CPU.ActiveCfg = Debug|Any CPU
		{D70DDB01-8C29-437A-8C10-88E890589C2B}.Debug|Any CPU.Build.0 = Debug|Any CPU
		{D70DDB01-8C29-437A-8C10-88E890589C2B}.Release|Any CPU.ActiveCfg = Release|Any CPU
		{D70DDB01-8C29-437A-8C10-88E890589C2B}.Release|Any CPU.Build.0 = Release|Any CPU
	EndGlobalSection
	GlobalSection(SolutionProperties) = preSolution
		HideSolutionNode = FALSE
	EndGlobalSection
	GlobalSection(ExtensibilityGlobals) = postSolution
		SolutionGuid = {99A29520-E079-4B89-9BB8-E9D128282167}
	EndGlobalSection
EndGlobal
