
Microsoft Visual Studio Solution File, Format Version 12.00
# Visual Studio 15
VisualStudioVersion = 15.0.28307.106
MinimumVisualStudioVersion = 10.0.40219.1
Project("{FAE04EC0-301F-11D3-BF4B-00C04F79EFBC}") = "WebTiempo", "WebTiempo\WebTiempo.csproj", "{B9A39085-CF9B-48B2-AEFD-F66F5D08496B}"
EndProject
Global
	GlobalSection(SolutionConfigurationPlatforms) = preSolution
		Debug|Any CPU = Debug|Any CPU
		Release|Any CPU = Release|Any CPU
	EndGlobalSection
	GlobalSection(ProjectConfigurationPlatforms) = postSolution
		{B9A39085-CF9B-48B2-AEFD-F66F5D08496B}.Debug|Any CPU.ActiveCfg = Debug|Any CPU
		{B9A39085-CF9B-48B2-AEFD-F66F5D08496B}.Debug|Any CPU.Build.0 = Debug|Any CPU
		{B9A39085-CF9B-48B2-AEFD-F66F5D08496B}.Release|Any CPU.ActiveCfg = Release|Any CPU
		{B9A39085-CF9B-48B2-AEFD-F66F5D08496B}.Release|Any CPU.Build.0 = Release|Any CPU
	EndGlobalSection
	GlobalSection(SolutionProperties) = preSolution
		HideSolutionNode = FALSE
	EndGlobalSection
	GlobalSection(ExtensibilityGlobals) = postSolution
		SolutionGuid = {D79EB18C-BCE6-4CCF-BF28-67AC7299C590}
	EndGlobalSection
EndGlobal
